
Microsoft Visual Studio Solution File, Format Version 12.00
# Visual Studio Version 17
VisualStudioVersion = 17.0.32126.317
MinimumVisualStudioVersion = 10.0.40219.1
Project("{FAE04EC0-301F-11D3-BF4B-00C04F79EFBC}") = "WindowsFormsFitness", "WindowsFormsFitness\WindowsFormsFitness.csproj", "{BB82DE55-1BA1-475F-B4EC-5590E6E80009}"
EndProject
Global
	GlobalSection(SolutionConfigurationPlatforms) = preSolution
		Debug|Any CPU = Debug|Any CPU
		Release|Any CPU = Release|Any CPU
	EndGlobalSection
	GlobalSection(ProjectConfigurationPlatforms) = postSolution
		{BB82DE55-1BA1-475F-B4EC-5590E6E80009}.Debug|Any CPU.ActiveCfg = Debug|Any CPU
		{BB82DE55-1BA1-475F-B4EC-5590E6E80009}.Debug|Any CPU.Build.0 = Debug|Any CPU
		{BB82DE55-1BA1-475F-B4EC-5590E6E80009}.Release|Any CPU.ActiveCfg = Release|Any CPU
		{BB82DE55-1BA1-475F-B4EC-5590E6E80009}.Release|Any CPU.Build.0 = Release|Any CPU
	EndGlobalSection
	GlobalSection(SolutionProperties) = preSolution
		HideSolutionNode = FALSE
	EndGlobalSection
	GlobalSection(ExtensibilityGlobals) = postSolution
		SolutionGuid = {28A26AD3-2126-41DB-AC0E-F88C2B185419}
	EndGlobalSection
EndGlobal
